// !$*UTF8*$!
{
	archiveVersion = 1;
	classes = {
	};
	objectVersion = 52;
	objects = {

/* Begin PBXBuildFile section */
		AD1D491327B3F5C200425FC0 /* API-KEY.swift in Sources */ = {isa = PBXBuildFile; fileRef = AD1D491227B3F5C200425FC0 /* API-KEY.swift */; };
		AD7112C727A2C4DE004C27C6 /* AppDelegate.swift in Sources */ = {isa = PBXBuildFile; fileRef = AD7112C627A2C4DE004C27C6 /* AppDelegate.swift */; };
		AD7112C927A2C4DE004C27C6 /* SceneDelegate.swift in Sources */ = {isa = PBXBuildFile; fileRef = AD7112C827A2C4DE004C27C6 /* SceneDelegate.swift */; };
		AD7112CB27A2C4DE004C27C6 /* TabBarwController.swift in Sources */ = {isa = PBXBuildFile; fileRef = AD7112CA27A2C4DE004C27C6 /* TabBarwController.swift */; };
		AD7112D027A2C4DF004C27C6 /* Assets.xcassets in Resources */ = {isa = PBXBuildFile; fileRef = AD7112CF27A2C4DF004C27C6 /* Assets.xcassets */; };
		AD7112D327A2C4DF004C27C6 /* LaunchScreen.storyboard in Resources */ = {isa = PBXBuildFile; fileRef = AD7112D127A2C4DF004C27C6 /* LaunchScreen.storyboard */; };
		AD7112DC27A2C506004C27C6 /* SnapKit in Frameworks */ = {isa = PBXBuildFile; productRef = AD7112DB27A2C506004C27C6 /* SnapKit */; };
		AD7112DF27A2C571004C27C6 /* Alamofire in Frameworks */ = {isa = PBXBuildFile; productRef = AD7112DE27A2C571004C27C6 /* Alamofire */; };
		AD7112E227A2C7EA004C27C6 /* TranslateViewController.swift in Sources */ = {isa = PBXBuildFile; fileRef = AD7112E127A2C7EA004C27C6 /* TranslateViewController.swift */; };
		AD7112E427A2CB05004C27C6 /* UIColor+.swift in Sources */ = {isa = PBXBuildFile; fileRef = AD7112E327A2CB05004C27C6 /* UIColor+.swift */; };
		AD7112EC27A93159004C27C6 /* SourceTextViewController.swift in Sources */ = {isa = PBXBuildFile; fileRef = AD7112EB27A93159004C27C6 /* SourceTextViewController.swift */; };
		AD7112EF27A93EC5004C27C6 /* Language.swift in Sources */ = {isa = PBXBuildFile; fileRef = AD7112EE27A93EC5004C27C6 /* Language.swift */; };
		AD7112F127AAAEA6004C27C6 /* Bookmark.swift in Sources */ = {isa = PBXBuildFile; fileRef = AD7112F027AAAEA6004C27C6 /* Bookmark.swift */; };
		AD7112F327AAB064004C27C6 /* UserDefaults+.swift in Sources */ = {isa = PBXBuildFile; fileRef = AD7112F227AAB064004C27C6 /* UserDefaults+.swift */; };
		AD7112F727AAB620004C27C6 /* BookmarkListViewController.swift in Sources */ = {isa = PBXBuildFile; fileRef = AD7112F627AAB620004C27C6 /* BookmarkListViewController.swift */; };
		AD7112F927AAC03F004C27C6 /* BookmarkCollectionViewCell.swift in Sources */ = {isa = PBXBuildFile; fileRef = AD7112F827AAC03F004C27C6 /* BookmarkCollectionViewCell.swift */; };
		AD7112FB27AAC2AB004C27C6 /* BookmarkTextStackView.swift in Sources */ = {isa = PBXBuildFile; fileRef = AD7112FA27AAC2AB004C27C6 /* BookmarkTextStackView.swift */; };
		AD7112FD27AAC404004C27C6 /* Type.swift in Sources */ = {isa = PBXBuildFile; fileRef = AD7112FC27AAC404004C27C6 /* Type.swift */; };
		AD7AE07D27B3EF9900C004F9 /* TranslateRequestModel.swift in Sources */ = {isa = PBXBuildFile; fileRef = AD7AE07C27B3EF9900C004F9 /* TranslateRequestModel.swift */; };
		AD7AE07F27B3EFDE00C004F9 /* TranslateResponseModel.swift in Sources */ = {isa = PBXBuildFile; fileRef = AD7AE07E27B3EFDE00C004F9 /* TranslateResponseModel.swift */; };
		AD7AE08127B3F0A100C004F9 /* TranslatorManager.swift in Sources */ = {isa = PBXBuildFile; fileRef = AD7AE08027B3F0A100C004F9 /* TranslatorManager.swift */; };
/* End PBXBuildFile section */

/* Begin PBXFileReference section */
		AD1D491227B3F5C200425FC0 /* API-KEY.swift */ = {isa = PBXFileReference; lastKnownFileType = sourcecode.swift; path = "API-KEY.swift"; sourceTree = "<group>"; };
		AD7112C327A2C4DE004C27C6 /* Translate.app */ = {isa = PBXFileReference; explicitFileType = wrapper.application; includeInIndex = 0; path = Translate.app; sourceTree = BUILT_PRODUCTS_DIR; };
		AD7112C627A2C4DE004C27C6 /* AppDelegate.swift */ = {isa = PBXFileReference; lastKnownFileType = sourcecode.swift; path = AppDelegate.swift; sourceTree = "<group>"; };
		AD7112C827A2C4DE004C27C6 /* SceneDelegate.swift */ = {isa = PBXFileReference; lastKnownFileType = sourcecode.swift; path = SceneDelegate.swift; sourceTree = "<group>"; };
		AD7112CA27A2C4DE004C27C6 /* TabBarwController.swift */ = {isa = PBXFileReference; lastKnownFileType = sourcecode.swift; path = TabBarwController.swift; sourceTree = "<group>"; };
		AD7112CF27A2C4DF004C27C6 /* Assets.xcassets */ = {isa = PBXFileReference; lastKnownFileType = folder.assetcatalog; path = Assets.xcassets; sourceTree = "<group>"; };
		AD7112D227A2C4DF004C27C6 /* Base */ = {isa = PBXFileReference; lastKnownFileType = file.storyboard; name = Base; path = Base.lproj/LaunchScreen.storyboard; sourceTree = "<group>"; };
		AD7112D427A2C4DF004C27C6 /* Info.plist */ = {isa = PBXFileReference; lastKnownFileType = text.plist.xml; path = Info.plist; sourceTree = "<group>"; };
		AD7112E127A2C7EA004C27C6 /* TranslateViewController.swift */ = {isa = PBXFileReference; lastKnownFileType = sourcecode.swift; path = TranslateViewController.swift; sourceTree = "<group>"; };
		AD7112E327A2CB05004C27C6 /* UIColor+.swift */ = {isa = PBXFileReference; lastKnownFileType = sourcecode.swift; path = "UIColor+.swift"; sourceTree = "<group>"; };
		AD7112EB27A93159004C27C6 /* SourceTextViewController.swift */ = {isa = PBXFileReference; lastKnownFileType = sourcecode.swift; path = SourceTextViewController.swift; sourceTree = "<group>"; };
		AD7112EE27A93EC5004C27C6 /* Language.swift */ = {isa = PBXFileReference; lastKnownFileType = sourcecode.swift; path = Language.swift; sourceTree = "<group>"; };
		AD7112F027AAAEA6004C27C6 /* Bookmark.swift */ = {isa = PBXFileReference; lastKnownFileType = sourcecode.swift; path = Bookmark.swift; sourceTree = "<group>"; };
		AD7112F227AAB064004C27C6 /* UserDefaults+.swift */ = {isa = PBXFileReference; lastKnownFileType = sourcecode.swift; path = "UserDefaults+.swift"; sourceTree = "<group>"; };
		AD7112F627AAB620004C27C6 /* BookmarkListViewController.swift */ = {isa = PBXFileReference; lastKnownFileType = sourcecode.swift; path = BookmarkListViewController.swift; sourceTree = "<group>"; };
		AD7112F827AAC03F004C27C6 /* BookmarkCollectionViewCell.swift */ = {isa = PBXFileReference; lastKnownFileType = sourcecode.swift; path = BookmarkCollectionViewCell.swift; sourceTree = "<group>"; };
		AD7112FA27AAC2AB004C27C6 /* BookmarkTextStackView.swift */ = {isa = PBXFileReference; lastKnownFileType = sourcecode.swift; path = BookmarkTextStackView.swift; sourceTree = "<group>"; };
		AD7112FC27AAC404004C27C6 /* Type.swift */ = {isa = PBXFileReference; lastKnownFileType = sourcecode.swift; path = Type.swift; sourceTree = "<group>"; };
		AD7AE07C27B3EF9900C004F9 /* TranslateRequestModel.swift */ = {isa = PBXFileReference; lastKnownFileType = sourcecode.swift; path = TranslateRequestModel.swift; sourceTree = "<group>"; };
		AD7AE07E27B3EFDE00C004F9 /* TranslateResponseModel.swift */ = {isa = PBXFileReference; lastKnownFileType = sourcecode.swift; path = TranslateResponseModel.swift; sourceTree = "<group>"; };
		AD7AE08027B3F0A100C004F9 /* TranslatorManager.swift */ = {isa = PBXFileReference; lastKnownFileType = sourcecode.swift; path = TranslatorManager.swift; sourceTree = "<group>"; };
/* End PBXFileReference section */

/* Begin PBXFrameworksBuildPhase section */
		AD7112C027A2C4DE004C27C6 /* Frameworks */ = {
			isa = PBXFrameworksBuildPhase;
			buildActionMask = 2147483647;
			files = (
				AD7112DC27A2C506004C27C6 /* SnapKit in Frameworks */,
				AD7112DF27A2C571004C27C6 /* Alamofire in Frameworks */,
			);
			runOnlyForDeploymentPostprocessing = 0;
		};
/* End PBXFrameworksBuildPhase section */

/* Begin PBXGroup section */
		AD7112BA27A2C4DE004C27C6 = {
			isa = PBXGroup;
			children = (
				AD7112C527A2C4DE004C27C6 /* Translate */,
				AD7112C427A2C4DE004C27C6 /* Products */,
			);
			sourceTree = "<group>";
		};
		AD7112C427A2C4DE004C27C6 /* Products */ = {
			isa = PBXGroup;
			children = (
				AD7112C327A2C4DE004C27C6 /* Translate.app */,
			);
			name = Products;
			sourceTree = "<group>";
		};
		AD7112C527A2C4DE004C27C6 /* Translate */ = {
			isa = PBXGroup;
			children = (
				AD7112FE27AAC4D4004C27C6 /* Models */,
				AD7AE08227B3F0AC00C004F9 /* Managers */,
				AD7112E027A2C7DD004C27C6 /* Scenes */,
				AD7112F427AAB287004C27C6 /* Extension */,
				AD7112C627A2C4DE004C27C6 /* AppDelegate.swift */,
				AD7112C827A2C4DE004C27C6 /* SceneDelegate.swift */,
				AD7112CF27A2C4DF004C27C6 /* Assets.xcassets */,
				AD7112D127A2C4DF004C27C6 /* LaunchScreen.storyboard */,
				AD7112D427A2C4DF004C27C6 /* Info.plist */,
			);
			path = Translate;
			sourceTree = "<group>";
		};
		AD7112E027A2C7DD004C27C6 /* Scenes */ = {
			isa = PBXGroup;
			children = (
				AD7112CA27A2C4DE004C27C6 /* TabBarwController.swift */,
				AD7112F527AAB612004C27C6 /* Bookmark */,
				AD7112ED27A93183004C27C6 /* Translate */,
			);
			path = Scenes;
			sourceTree = "<group>";
		};
		AD7112ED27A93183004C27C6 /* Translate */ = {
			isa = PBXGroup;
			children = (
				AD7112E127A2C7EA004C27C6 /* TranslateViewController.swift */,
				AD7112EB27A93159004C27C6 /* SourceTextViewController.swift */,
			);
			path = Translate;
			sourceTree = "<group>";
		};
		AD7112F427AAB287004C27C6 /* Extension */ = {
			isa = PBXGroup;
			children = (
				AD7112E327A2CB05004C27C6 /* UIColor+.swift */,
				AD7112F227AAB064004C27C6 /* UserDefaults+.swift */,
			);
			path = Extension;
			sourceTree = "<group>";
		};
		AD7112F527AAB612004C27C6 /* Bookmark */ = {
			isa = PBXGroup;
			children = (
				AD7112F627AAB620004C27C6 /* BookmarkListViewController.swift */,
				AD7112F827AAC03F004C27C6 /* BookmarkCollectionViewCell.swift */,
				AD7112FA27AAC2AB004C27C6 /* BookmarkTextStackView.swift */,
			);
			path = Bookmark;
			sourceTree = "<group>";
		};
		AD7112FE27AAC4D4004C27C6 /* Models */ = {
			isa = PBXGroup;
			children = (
				AD7112EE27A93EC5004C27C6 /* Language.swift */,
				AD7112F027AAAEA6004C27C6 /* Bookmark.swift */,
				AD7112FC27AAC404004C27C6 /* Type.swift */,
				AD7AE07C27B3EF9900C004F9 /* TranslateRequestModel.swift */,
				AD7AE07E27B3EFDE00C004F9 /* TranslateResponseModel.swift */,
			);
			path = Models;
			sourceTree = "<group>";
		};
		AD7AE08227B3F0AC00C004F9 /* Managers */ = {
			isa = PBXGroup;
			children = (
				AD7AE08027B3F0A100C004F9 /* TranslatorManager.swift */,
				AD1D491227B3F5C200425FC0 /* API-KEY.swift */,
			);
			path = Managers;
			sourceTree = "<group>";
		};
/* End PBXGroup section */

/* Begin PBXNativeTarget section */
		AD7112C227A2C4DE004C27C6 /* Translate */ = {
			isa = PBXNativeTarget;
			buildConfigurationList = AD7112D727A2C4DF004C27C6 /* Build configuration list for PBXNativeTarget "Translate" */;
			buildPhases = (
				AD7112BF27A2C4DE004C27C6 /* Sources */,
				AD7112C027A2C4DE004C27C6 /* Frameworks */,
				AD7112C127A2C4DE004C27C6 /* Resources */,
			);
			buildRules = (
			);
			dependencies = (
			);
			name = Translate;
			packageProductDependencies = (
				AD7112DB27A2C506004C27C6 /* SnapKit */,
				AD7112DE27A2C571004C27C6 /* Alamofire */,
			);
			productName = Translate;
			productReference = AD7112C327A2C4DE004C27C6 /* Translate.app */;
			productType = "com.apple.product-type.application";
		};
/* End PBXNativeTarget section */

/* Begin PBXProject section */
		AD7112BB27A2C4DE004C27C6 /* Project object */ = {
			isa = PBXProject;
			attributes = {
				LastSwiftUpdateCheck = 1250;
				LastUpgradeCheck = 1250;
				TargetAttributes = {
					AD7112C227A2C4DE004C27C6 = {
						CreatedOnToolsVersion = 12.5.1;
					};
				};
			};
			buildConfigurationList = AD7112BE27A2C4DE004C27C6 /* Build configuration list for PBXProject "Translate" */;
			compatibilityVersion = "Xcode 9.3";
			developmentRegion = en;
			hasScannedForEncodings = 0;
			knownRegions = (
				en,
				Base,
			);
			mainGroup = AD7112BA27A2C4DE004C27C6;
			packageReferences = (
				AD7112DA27A2C506004C27C6 /* XCRemoteSwiftPackageReference "SnapKit" */,
				AD7112DD27A2C571004C27C6 /* XCRemoteSwiftPackageReference "Alamofire" */,
			);
			productRefGroup = AD7112C427A2C4DE004C27C6 /* Products */;
			projectDirPath = "";
			projectRoot = "";
			targets = (
				AD7112C227A2C4DE004C27C6 /* Translate */,
			);
		};
/* End PBXProject section */

/* Begin PBXResourcesBuildPhase section */
		AD7112C127A2C4DE004C27C6 /* Resources */ = {
			isa = PBXResourcesBuildPhase;
			buildActionMask = 2147483647;
			files = (
				AD7112D327A2C4DF004C27C6 /* LaunchScreen.storyboard in Resources */,
				AD7112D027A2C4DF004C27C6 /* Assets.xcassets in Resources */,
			);
			runOnlyForDeploymentPostprocessing = 0;
		};
/* End PBXResourcesBuildPhase section */

/* Begin PBXSourcesBuildPhase section */
		AD7112BF27A2C4DE004C27C6 /* Sources */ = {
			isa = PBXSourcesBuildPhase;
			buildActionMask = 2147483647;
			files = (
				AD7112CB27A2C4DE004C27C6 /* TabBarwController.swift in Sources */,
				AD7112F327AAB064004C27C6 /* UserDefaults+.swift in Sources */,
				AD7AE07D27B3EF9900C004F9 /* TranslateRequestModel.swift in Sources */,
				AD7112E227A2C7EA004C27C6 /* TranslateViewController.swift in Sources */,
				AD7112EC27A93159004C27C6 /* SourceTextViewController.swift in Sources */,
				AD7112F727AAB620004C27C6 /* BookmarkListViewController.swift in Sources */,
				AD7AE07F27B3EFDE00C004F9 /* TranslateResponseModel.swift in Sources */,
				AD7AE08127B3F0A100C004F9 /* TranslatorManager.swift in Sources */,
				AD7112EF27A93EC5004C27C6 /* Language.swift in Sources */,
				AD7112C727A2C4DE004C27C6 /* AppDelegate.swift in Sources */,
				AD7112FD27AAC404004C27C6 /* Type.swift in Sources */,
				AD7112C927A2C4DE004C27C6 /* SceneDelegate.swift in Sources */,
				AD7112E427A2CB05004C27C6 /* UIColor+.swift in Sources */,
				AD7112F127AAAEA6004C27C6 /* Bookmark.swift in Sources */,
				AD7112FB27AAC2AB004C27C6 /* BookmarkTextStackView.swift in Sources */,
				AD1D491327B3F5C200425FC0 /* API-KEY.swift in Sources */,
				AD7112F927AAC03F004C27C6 /* BookmarkCollectionViewCell.swift in Sources */,
			);
			runOnlyForDeploymentPostprocessing = 0;
		};
/* End PBXSourcesBuildPhase section */

/* Begin PBXVariantGroup section */
		AD7112D127A2C4DF004C27C6 /* LaunchScreen.storyboard */ = {
			isa = PBXVariantGroup;
			children = (
				AD7112D227A2C4DF004C27C6 /* Base */,
			);
			name = LaunchScreen.storyboard;
			sourceTree = "<group>";
		};
/* End PBXVariantGroup section */

/* Begin XCBuildConfiguration section */
		AD7112D527A2C4DF004C27C6 /* Debug */ = {
			isa = XCBuildConfiguration;
			buildSettings = {
				ALWAYS_SEARCH_USER_PATHS = NO;
				CLANG_ANALYZER_NONNULL = YES;
				CLANG_ANALYZER_NUMBER_OBJECT_CONVERSION = YES_AGGRESSIVE;
				CLANG_CXX_LANGUAGE_STANDARD = "gnu++14";
				CLANG_CXX_LIBRARY = "libc++";
				CLANG_ENABLE_MODULES = YES;
				CLANG_ENABLE_OBJC_ARC = YES;
				CLANG_ENABLE_OBJC_WEAK = YES;
				CLANG_WARN_BLOCK_CAPTURE_AUTORELEASING = YES;
				CLANG_WARN_BOOL_CONVERSION = YES;
				CLANG_WARN_COMMA = YES;
				CLANG_WARN_CONSTANT_CONVERSION = YES;
				CLANG_WARN_DEPRECATED_OBJC_IMPLEMENTATIONS = YES;
				CLANG_WARN_DIRECT_OBJC_ISA_USAGE = YES_ERROR;
				CLANG_WARN_DOCUMENTATION_COMMENTS = YES;
				CLANG_WARN_EMPTY_BODY = YES;
				CLANG_WARN_ENUM_CONVERSION = YES;
				CLANG_WARN_INFINITE_RECURSION = YES;
				CLANG_WARN_INT_CONVERSION = YES;
				CLANG_WARN_NON_LITERAL_NULL_CONVERSION = YES;
				CLANG_WARN_OBJC_IMPLICIT_RETAIN_SELF = YES;
				CLANG_WARN_OBJC_LITERAL_CONVERSION = YES;
				CLANG_WARN_OBJC_ROOT_CLASS = YES_ERROR;
				CLANG_WARN_QUOTED_INCLUDE_IN_FRAMEWORK_HEADER = YES;
				CLANG_WARN_RANGE_LOOP_ANALYSIS = YES;
				CLANG_WARN_STRICT_PROTOTYPES = YES;
				CLANG_WARN_SUSPICIOUS_MOVE = YES;
				CLANG_WARN_UNGUARDED_AVAILABILITY = YES_AGGRESSIVE;
				CLANG_WARN_UNREACHABLE_CODE = YES;
				CLANG_WARN__DUPLICATE_METHOD_MATCH = YES;
				COPY_PHASE_STRIP = NO;
				DEBUG_INFORMATION_FORMAT = dwarf;
				ENABLE_STRICT_OBJC_MSGSEND = YES;
				ENABLE_TESTABILITY = YES;
				GCC_C_LANGUAGE_STANDARD = gnu11;
				GCC_DYNAMIC_NO_PIC = NO;
				GCC_NO_COMMON_BLOCKS = YES;
				GCC_OPTIMIZATION_LEVEL = 0;
				GCC_PREPROCESSOR_DEFINITIONS = (
					"DEBUG=1",
					"$(inherited)",
				);
				GCC_WARN_64_TO_32_BIT_CONVERSION = YES;
				GCC_WARN_ABOUT_RETURN_TYPE = YES_ERROR;
				GCC_WARN_UNDECLARED_SELECTOR = YES;
				GCC_WARN_UNINITIALIZED_AUTOS = YES_AGGRESSIVE;
				GCC_WARN_UNUSED_FUNCTION = YES;
				GCC_WARN_UNUSED_VARIABLE = YES;
				IPHONEOS_DEPLOYMENT_TARGET = 14.5;
				MTL_ENABLE_DEBUG_INFO = INCLUDE_SOURCE;
				MTL_FAST_MATH = YES;
				ONLY_ACTIVE_ARCH = YES;
				SDKROOT = iphoneos;
				SWIFT_ACTIVE_COMPILATION_CONDITIONS = DEBUG;
				SWIFT_OPTIMIZATION_LEVEL = "-Onone";
			};
			name = Debug;
		};
		AD7112D627A2C4DF004C27C6 /* Release */ = {
			isa = XCBuildConfiguration;
			buildSettings = {
				ALWAYS_SEARCH_USER_PATHS = NO;
				CLANG_ANALYZER_NONNULL = YES;
				CLANG_ANALYZER_NUMBER_OBJECT_CONVERSION = YES_AGGRESSIVE;
				CLANG_CXX_LANGUAGE_STANDARD = "gnu++14";
				CLANG_CXX_LIBRARY = "libc++";
				CLANG_ENABLE_MODULES = YES;
				CLANG_ENABLE_OBJC_ARC = YES;
				CLANG_ENABLE_OBJC_WEAK = YES;
				CLANG_WARN_BLOCK_CAPTURE_AUTORELEASING = YES;
				CLANG_WARN_BOOL_CONVERSION = YES;
				CLANG_WARN_COMMA = YES;
				CLANG_WARN_CONSTANT_CONVERSION = YES;
				CLANG_WARN_DEPRECATED_OBJC_IMPLEMENTATIONS = YES;
				CLANG_WARN_DIRECT_OBJC_ISA_USAGE = YES_ERROR;
				CLANG_WARN_DOCUMENTATION_COMMENTS = YES;
				CLANG_WARN_EMPTY_BODY = YES;
				CLANG_WARN_ENUM_CONVERSION = YES;
				CLANG_WARN_INFINITE_RECURSION = YES;
				CLANG_WARN_INT_CONVERSION = YES;
				CLANG_WARN_NON_LITERAL_NULL_CONVERSION = YES;
				CLANG_WARN_OBJC_IMPLICIT_RETAIN_SELF = YES;
				CLANG_WARN_OBJC_LITERAL_CONVERSION = YES;
				CLANG_WARN_OBJC_ROOT_CLASS = YES_ERROR;
				CLANG_WARN_QUOTED_INCLUDE_IN_FRAMEWORK_HEADER = YES;
				CLANG_WARN_RANGE_LOOP_ANALYSIS = YES;
				CLANG_WARN_STRICT_PROTOTYPES = YES;
				CLANG_WARN_SUSPICIOUS_MOVE = YES;
				CLANG_WARN_UNGUARDED_AVAILABILITY = YES_AGGRESSIVE;
				CLANG_WARN_UNREACHABLE_CODE = YES;
				CLANG_WARN__DUPLICATE_METHOD_MATCH = YES;
				COPY_PHASE_STRIP = NO;
				DEBUG_INFORMATION_FORMAT = "dwarf-with-dsym";
				ENABLE_NS_ASSERTIONS = NO;
				ENABLE_STRICT_OBJC_MSGSEND = YES;
				GCC_C_LANGUAGE_STANDARD = gnu11;
				GCC_NO_COMMON_BLOCKS = YES;
				GCC_WARN_64_TO_32_BIT_CONVERSION = YES;
				GCC_WARN_ABOUT_RETURN_TYPE = YES_ERROR;
				GCC_WARN_UNDECLARED_SELECTOR = YES;
				GCC_WARN_UNINITIALIZED_AUTOS = YES_AGGRESSIVE;
				GCC_WARN_UNUSED_FUNCTION = YES;
				GCC_WARN_UNUSED_VARIABLE = YES;
				IPHONEOS_DEPLOYMENT_TARGET = 14.5;
				MTL_ENABLE_DEBUG_INFO = NO;
				MTL_FAST_MATH = YES;
				SDKROOT = iphoneos;
				SWIFT_COMPILATION_MODE = wholemodule;
				SWIFT_OPTIMIZATION_LEVEL = "-O";
				VALIDATE_PRODUCT = YES;
			};
			name = Release;
		};
		AD7112D827A2C4DF004C27C6 /* Debug */ = {
			isa = XCBuildConfiguration;
			buildSettings = {
				ASSETCATALOG_COMPILER_APPICON_NAME = AppIcon;
				ASSETCATALOG_COMPILER_GLOBAL_ACCENT_COLOR_NAME = AccentColor;
				CODE_SIGN_STYLE = Automatic;
				DEVELOPMENT_TEAM = R6V3UCSNG3;
				INFOPLIST_FILE = Translate/Info.plist;
				LD_RUNPATH_SEARCH_PATHS = (
					"$(inherited)",
					"@executable_path/Frameworks",
				);
				PRODUCT_BUNDLE_IDENTIFIER = com.ycompany.Translate;
				PRODUCT_NAME = "$(TARGET_NAME)";
				SWIFT_VERSION = 5.0;
				TARGETED_DEVICE_FAMILY = "1,2";
			};
			name = Debug;
		};
		AD7112D927A2C4DF004C27C6 /* Release */ = {
			isa = XCBuildConfiguration;
			buildSettings = {
				ASSETCATALOG_COMPILER_APPICON_NAME = AppIcon;
				ASSETCATALOG_COMPILER_GLOBAL_ACCENT_COLOR_NAME = AccentColor;
				CODE_SIGN_STYLE = Automatic;
				DEVELOPMENT_TEAM = R6V3UCSNG3;
				INFOPLIST_FILE = Translate/Info.plist;
				LD_RUNPATH_SEARCH_PATHS = (
					"$(inherited)",
					"@executable_path/Frameworks",
				);
				PRODUCT_BUNDLE_IDENTIFIER = com.ycompany.Translate;
				PRODUCT_NAME = "$(TARGET_NAME)";
				SWIFT_VERSION = 5.0;
				TARGETED_DEVICE_FAMILY = "1,2";
			};
			name = Release;
		};
/* End XCBuildConfiguration section */

/* Begin XCConfigurationList section */
		AD7112BE27A2C4DE004C27C6 /* Build configuration list for PBXProject "Translate" */ = {
			isa = XCConfigurationList;
			buildConfigurations = (
				AD7112D527A2C4DF004C27C6 /* Debug */,
				AD7112D627A2C4DF004C27C6 /* Release */,
			);
			defaultConfigurationIsVisible = 0;
			defaultConfigurationName = Release;
		};
		AD7112D727A2C4DF004C27C6 /* Build configuration list for PBXNativeTarget "Translate" */ = {
			isa = XCConfigurationList;
			buildConfigurations = (
				AD7112D827A2C4DF004C27C6 /* Debug */,
				AD7112D927A2C4DF004C27C6 /* Release */,
			);
			defaultConfigurationIsVisible = 0;
			defaultConfigurationName = Release;
		};
/* End XCConfigurationList section */

/* Begin XCRemoteSwiftPackageReference section */
		AD7112DA27A2C506004C27C6 /* XCRemoteSwiftPackageReference "SnapKit" */ = {
			isa = XCRemoteSwiftPackageReference;
			repositoryURL = "https://github.com/SnapKit/SnapKit.git";
			requirement = {
				kind = upToNextMajorVersion;
				minimumVersion = 5.0.1;
			};
		};
		AD7112DD27A2C571004C27C6 /* XCRemoteSwiftPackageReference "Alamofire" */ = {
			isa = XCRemoteSwiftPackageReference;
			repositoryURL = "https://github.com/Alamofire/Alamofire.git";
			requirement = {
				kind = upToNextMajorVersion;
				minimumVersion = 5.4.3;
			};
		};
/* End XCRemoteSwiftPackageReference section */

/* Begin XCSwiftPackageProductDependency section */
		AD7112DB27A2C506004C27C6 /* SnapKit */ = {
			isa = XCSwiftPackageProductDependency;
			package = AD7112DA27A2C506004C27C6 /* XCRemoteSwiftPackageReference "SnapKit" */;
			productName = SnapKit;
		};
		AD7112DE27A2C571004C27C6 /* Alamofire */ = {
			isa = XCSwiftPackageProductDependency;
			package = AD7112DD27A2C571004C27C6 /* XCRemoteSwiftPackageReference "Alamofire" */;
			productName = Alamofire;
		};
/* End XCSwiftPackageProductDependency section */
	};
	rootObject = AD7112BB27A2C4DE004C27C6 /* Project object */;
}
